Microsoft Visual Studio Solution File, Format Version 12.00
# Visual Studio Version 17
VisualStudioVersion = 17.5.2.0
MinimumVisualStudioVersion = 10.0.40219.1
Project("{FAE04EC0-301F-11D3-BF4B-00C04F79EFBC}") = "ConsoleAdoDotNet", "ConsoleAdoDotNet.csproj", "{AAB52DE1-D2E9-52B9-7B2C-53D042AEC9EB}"
EndProject
Global
	GlobalSection(SolutionConfigurationPlatforms) = preSolution
		Debug|Any CPU = Debug|Any CPU
		Release|Any CPU = Release|Any CPU
	EndGlobalSection
	GlobalSection(ProjectConfigurationPlatforms) = postSolution
		{AAB52DE1-D2E9-52B9-7B2C-53D042AEC9EB}.Debug|Any CPU.ActiveCfg = Debug|Any CPU
		{AAB52DE1-D2E9-52B9-7B2C-53D042AEC9EB}.Debug|Any CPU.Build.0 = Debug|Any CPU
		{AAB52DE1-D2E9-52B9-7B2C-53D042AEC9EB}.Release|Any CPU.ActiveCfg = Release|Any CPU
		{AAB52DE1-D2E9-52B9-7B2C-53D042AEC9EB}.Release|Any CPU.Build.0 = Release|Any CPU
	EndGlobalSection
	GlobalSection(SolutionProperties) = preSolution
		HideSolutionNode = FALSE
	EndGlobalSection
	GlobalSection(ExtensibilityGlobals) = postSolution
		SolutionGuid = {E2AE81D1-4F8D-4344-A4BC-1E7E3F84A213}
	EndGlobalSection
EndGlobal
